{
    "version": 3,
    "terraform_version": "0.11.14",
    "serial": 3,
    "lineage": "aeccc158-1049-2c11-800d-ba014bccc1d0",
    "modules": [
        {
            "path": [
                "root"
            ],
            "outputs": {
                "storage_bucket_self_link": {
                    "sensitive": false,
                    "type": "string",
                    "value": "https://www.googleapis.com/storage/v1/b/gw-ansible-bucket-3cc2"
                },
                "storage_bucket_url": {
                    "sensitive": false,
                    "type": "string",
                    "value": "gs://gw-ansible-bucket-3cc2"
                }
            },
            "resources": {
                "google_compute_instance.ansible_child_1": {
                    "type": "google_compute_instance",
                    "depends_on": [],
                    "primary": {
                        "id": "ans-child-1",
                        "attributes": {
                            "attached_disk.#": "0",
                            "boot_disk.#": "1",
                            "boot_disk.0.auto_delete": "true",
                            "boot_disk.0.device_name": "persistent-disk-0",
                            "boot_disk.0.disk_encryption_key_raw": "",
                            "boot_disk.0.disk_encryption_key_sha256": "",
                            "boot_disk.0.initialize_params.#": "1",
                            "boot_disk.0.initialize_params.0.image": "https://www.googleapis.com/compute/v1/projects/debian-cloud/global/images/debian-9-stretch-v20191210",
                            "boot_disk.0.initialize_params.0.labels.%": "0",
                            "boot_disk.0.initialize_params.0.size": "10",
                            "boot_disk.0.initialize_params.0.type": "pd-standard",
                            "boot_disk.0.kms_key_self_link": "",
                            "boot_disk.0.mode": "READ_WRITE",
                            "boot_disk.0.source": "https://www.googleapis.com/compute/v1/projects/no-default-compute-sa/zones/us-west1-a/disks/ans-child-1",
                            "can_ip_forward": "false",
                            "cpu_platform": "Intel Broadwell",
                            "deletion_protection": "false",
                            "description": "",
                            "enable_display": "false",
                            "guest_accelerator.#": "0",
                            "hostname": "",
                            "id": "ans-child-1",
                            "instance_id": "1462211559268631526",
                            "label_fingerprint": "42WmSpB8rSM=",
                            "labels.%": "0",
                            "machine_type": "n1-standard-1",
                            "metadata.%": "0",
                            "metadata_fingerprint": "8IUK1iRbvps=",
                            "metadata_startup_script": "",
                            "min_cpu_platform": "",
                            "name": "ans-child-1",
                            "network_interface.#": "1",
                            "network_interface.0.access_config.#": "1",
                            "network_interface.0.access_config.0.assigned_nat_ip": "",
                            "network_interface.0.access_config.0.nat_ip": "34.82.44.169",
                            "network_interface.0.access_config.0.network_tier": "PREMIUM",
                            "network_interface.0.access_config.0.public_ptr_domain_name": "",
                            "network_interface.0.address": "",
                            "network_interface.0.alias_ip_range.#": "0",
                            "network_interface.0.name": "nic0",
                            "network_interface.0.network": "https://www.googleapis.com/compute/v1/projects/no-default-compute-sa/global/networks/default",
                            "network_interface.0.network_ip": "10.138.0.22",
                            "network_interface.0.subnetwork": "https://www.googleapis.com/compute/v1/projects/no-default-compute-sa/regions/us-west1/subnetworks/default",
                            "network_interface.0.subnetwork_project": "no-default-compute-sa",
                            "project": "no-default-compute-sa",
                            "scheduling.#": "1",
                            "scheduling.0.automatic_restart": "true",
                            "scheduling.0.node_affinities.#": "0",
                            "scheduling.0.on_host_maintenance": "MIGRATE",
                            "scheduling.0.preemptible": "false",
                            "scratch_disk.#": "0",
                            "self_link": "https://www.googleapis.com/compute/v1/projects/no-default-compute-sa/zones/us-west1-a/instances/ans-child-1",
                            "service_account.#": "0",
                            "shielded_instance_config.#": "0",
                            "tags.#": "2",
                            "tags.2542268873": "allow-ssh",
                            "tags.67696658": "allow-http",
                            "tags_fingerprint": "LfyOV3jN6cE=",
                            "zone": "us-west1-a"
                        },
                        "meta": {
                            "e2bfb730-ecaa-11e6-8f88-34363bc7c4c0": {
                                "create": 1200000000000,
                                "delete": 1200000000000,
                                "update": 1200000000000
                            },
                            "schema_version": "6"
                        },
                        "tainted": false
                    },
                    "deposed": [],
                    "provider": "provider.google"
                },
                "google_compute_instance.ansible_child_2": {
                    "type": "google_compute_instance",
                    "depends_on": [],
                    "primary": {
                        "id": "ans-child-2",
                        "attributes": {
                            "attached_disk.#": "0",
                            "boot_disk.#": "1",
                            "boot_disk.0.auto_delete": "true",
                            "boot_disk.0.device_name": "persistent-disk-0",
                            "boot_disk.0.disk_encryption_key_raw": "",
                            "boot_disk.0.disk_encryption_key_sha256": "",
                            "boot_disk.0.initialize_params.#": "1",
                            "boot_disk.0.initialize_params.0.image": "https://www.googleapis.com/compute/v1/projects/debian-cloud/global/images/debian-9-stretch-v20191210",
                            "boot_disk.0.initialize_params.0.labels.%": "0",
                            "boot_disk.0.initialize_params.0.size": "10",
                            "boot_disk.0.initialize_params.0.type": "pd-standard",
                            "boot_disk.0.kms_key_self_link": "",
                            "boot_disk.0.mode": "READ_WRITE",
                            "boot_disk.0.source": "https://www.googleapis.com/compute/v1/projects/no-default-compute-sa/zones/us-west1-a/disks/ans-child-2",
                            "can_ip_forward": "false",
                            "cpu_platform": "Intel Broadwell",
                            "deletion_protection": "false",
                            "description": "",
                            "enable_display": "false",
                            "guest_accelerator.#": "0",
                            "hostname": "",
                            "id": "ans-child-2",
                            "instance_id": "1232311103899124710",
                            "label_fingerprint": "42WmSpB8rSM=",
                            "labels.%": "0",
                            "machine_type": "n1-standard-1",
                            "metadata.%": "0",
                            "metadata_fingerprint": "8IUK1iRbvps=",
                            "metadata_startup_script": "",
                            "min_cpu_platform": "",
                            "name": "ans-child-2",
                            "network_interface.#": "1",
                            "network_interface.0.access_config.#": "1",
                            "network_interface.0.access_config.0.assigned_nat_ip": "",
                            "network_interface.0.access_config.0.nat_ip": "34.82.177.130",
                            "network_interface.0.access_config.0.network_tier": "PREMIUM",
                            "network_interface.0.access_config.0.public_ptr_domain_name": "",
                            "network_interface.0.address": "",
                            "network_interface.0.alias_ip_range.#": "0",
                            "network_interface.0.name": "nic0",
                            "network_interface.0.network": "https://www.googleapis.com/compute/v1/projects/no-default-compute-sa/global/networks/default",
                            "network_interface.0.network_ip": "10.138.0.23",
                            "network_interface.0.subnetwork": "https://www.googleapis.com/compute/v1/projects/no-default-compute-sa/regions/us-west1/subnetworks/default",
                            "network_interface.0.subnetwork_project": "no-default-compute-sa",
                            "project": "no-default-compute-sa",
                            "scheduling.#": "1",
                            "scheduling.0.automatic_restart": "true",
                            "scheduling.0.node_affinities.#": "0",
                            "scheduling.0.on_host_maintenance": "MIGRATE",
                            "scheduling.0.preemptible": "false",
                            "scratch_disk.#": "0",
                            "self_link": "https://www.googleapis.com/compute/v1/projects/no-default-compute-sa/zones/us-west1-a/instances/ans-child-2",
                            "service_account.#": "0",
                            "shielded_instance_config.#": "0",
                            "tags.#": "2",
                            "tags.2542268873": "allow-ssh",
                            "tags.67696658": "allow-http",
                            "tags_fingerprint": "LfyOV3jN6cE=",
                            "zone": "us-west1-a"
                        },
                        "meta": {
                            "e2bfb730-ecaa-11e6-8f88-34363bc7c4c0": {
                                "create": 1200000000000,
                                "delete": 1200000000000,
                                "update": 1200000000000
                            },
                            "schema_version": "6"
                        },
                        "tainted": false
                    },
                    "deposed": [],
                    "provider": "provider.google"
                },
                "google_compute_project_metadata.default": {
                    "type": "google_compute_project_metadata",
                    "depends_on": [],
                    "primary": {
                        "id": "no-default-compute-sa",
                        "attributes": {
                            "id": "no-default-compute-sa",
                            "metadata.%": "1",
                            "metadata.sshKeys": "garrettwong:ssh-rsa AAAAB3NzaC1yc2EAAAADAQABAAABAQDDpxzZSQjq9sGohMJl6RtU2MU4UeBBV7QudaldLC/IPkCzjw8LrJpo10WTVK4XSfqJWFESWXej+0pZv7QACyJuQyZFprvtqYI9w61Nq2OHC8t2TQxf1YBsh7MhG1Edzcl2WAUAj2HR8UVD7hveSZ1WlbtlG+4s+6lldu9yzRqEXGq6GMkXGRtJe58/xyDWeQUSh+7F704ralF06QLsyfurHiNJwDA5SNT8pFllJT0d8tf9xTv+g1cOOIGO4LnvFQSMSv7HT72cZtaf4VFmo0AFvpTXQRLbARAZizuRY85V5SmhGB6plm3ilmOf0SrQC9IkBeCFN9hz8/GzBVZroZyR ansible\n",
                            "project": "no-default-compute-sa"
                        },
                        "meta": {},
                        "tainted": false
                    },
                    "deposed": [],
                    "provider": "provider.google"
                },
                "google_storage_bucket.ansible_bucket": {
                    "type": "google_storage_bucket",
                    "depends_on": [
                        "random_id.a"
                    ],
                    "primary": {
                        "id": "gw-ansible-bucket-3cc2",
                        "attributes": {
                            "bucket_policy_only": "false",
                            "cors.#": "0",
                            "encryption.#": "0",
                            "force_destroy": "false",
                            "id": "gw-ansible-bucket-3cc2",
                            "labels.%": "0",
                            "lifecycle_rule.#": "0",
                            "location": "US",
                            "logging.#": "0",
                            "name": "gw-ansible-bucket-3cc2",
                            "project": "no-default-compute-sa",
                            "requester_pays": "false",
                            "retention_policy.#": "0",
                            "self_link": "https://www.googleapis.com/storage/v1/b/gw-ansible-bucket-3cc2",
                            "storage_class": "STANDARD",
                            "url": "gs://gw-ansible-bucket-3cc2",
                            "versioning.#": "0",
                            "website.#": "1",
                            "website.0.main_page_suffix": "index.html",
                            "website.0.not_found_page": "404.html"
                        },
                        "meta": {},
                        "tainted": false
                    },
                    "deposed": [],
                    "provider": "provider.google"
                },
                "google_storage_bucket_object.startup_script": {
                    "type": "google_storage_bucket_object",
                    "depends_on": [
                        "google_storage_bucket.ansible_bucket",
                        "null_resource.config_ansible_hosts_file"
                    ],
                    "primary": {
                        "id": "gw-ansible-bucket-3cc2-install-ansible.sh",
                        "attributes": {
                            "bucket": "gw-ansible-bucket-3cc2",
                            "cache_control": "",
                            "content_disposition": "",
                            "content_encoding": "",
                            "content_language": "",
                            "content_type": "text/plain; charset=utf-8",
                            "crc32c": "cP6g3A==",
                            "detect_md5hash": "eBVppPG2YP12wMvYo8rotQ==",
                            "id": "gw-ansible-bucket-3cc2-install-ansible.sh",
                            "md5hash": "eBVppPG2YP12wMvYo8rotQ==",
                            "name": "install-ansible.sh",
                            "output_name": "install-ansible.sh",
                            "self_link": "https://www.googleapis.com/storage/v1/b/gw-ansible-bucket-3cc2/o/install-ansible.sh",
                            "source": "install-ansible.sh",
                            "storage_class": "STANDARD"
                        },
                        "meta": {},
                        "tainted": false
                    },
                    "deposed": [],
                    "provider": "provider.google"
                },
                "null_resource.config_ansible_hosts_file": {
                    "type": "null_resource",
                    "depends_on": [
                        "google_compute_instance.ansible_child_1",
                        "google_compute_instance.ansible_child_2"
                    ],
                    "primary": {
                        "id": "3869735398565005015",
                        "attributes": {
                            "id": "3869735398565005015"
                        },
                        "meta": {},
                        "tainted": false
                    },
                    "deposed": [],
                    "provider": "provider.null"
                },
                "random_id.a": {
                    "type": "random_id",
                    "depends_on": [],
                    "primary": {
                        "id": "PMI",
                        "attributes": {
                            "b64": "PMI",
                            "b64_std": "PMI=",
                            "b64_url": "PMI",
                            "byte_length": "2",
                            "dec": "15554",
                            "hex": "3cc2",
                            "id": "PMI"
                        },
                        "meta": {},
                        "tainted": false
                    },
                    "deposed": [],
                    "provider": "provider.random"
                }
            },
            "depends_on": []
        }
    ]
}
