{
    "version": 3,
    "terraform_version": "0.11.10",
    "serial": 4,
    "lineage": "b538460d-163e-a2cd-1e58-344fe35c08a5",
    "modules": [
        {
            "path": [
                "root"
            ],
            "outputs": {},
            "resources": {
                "google_compute_instance.ansible_child_1": {
                    "type": "google_compute_instance",
                    "depends_on": [],
                    "primary": {
                        "id": "ans-child-1",
                        "attributes": {
                            "attached_disk.#": "0",
                            "boot_disk.#": "1",
                            "boot_disk.0.auto_delete": "true",
                            "boot_disk.0.device_name": "persistent-disk-0",
                            "boot_disk.0.disk_encryption_key_raw": "",
                            "boot_disk.0.disk_encryption_key_sha256": "",
                            "boot_disk.0.initialize_params.#": "1",
                            "boot_disk.0.initialize_params.0.image": "https://www.googleapis.com/compute/v1/projects/debian-cloud/global/images/debian-9-stretch-v20190423",
                            "boot_disk.0.initialize_params.0.size": "10",
                            "boot_disk.0.initialize_params.0.type": "pd-standard",
                            "boot_disk.0.source": "https://www.googleapis.com/compute/v1/projects/forseti-security-new/zones/us-central1-a/disks/ans-child-1",
                            "can_ip_forward": "false",
                            "cpu_platform": "Intel Haswell",
                            "deletion_protection": "false",
                            "guest_accelerator.#": "0",
                            "hostname": "",
                            "id": "ans-child-1",
                            "instance_id": "7010383589953975243",
                            "label_fingerprint": "42WmSpB8rSM=",
                            "labels.%": "0",
                            "machine_type": "n1-standard-1",
                            "metadata.%": "0",
                            "metadata_fingerprint": "sG-HCjKVPJc=",
                            "metadata_startup_script": "",
                            "min_cpu_platform": "",
                            "name": "ans-child-1",
                            "network_interface.#": "1",
                            "network_interface.0.access_config.#": "1",
                            "network_interface.0.access_config.0.assigned_nat_ip": "",
                            "network_interface.0.access_config.0.nat_ip": "35.222.233.212",
                            "network_interface.0.access_config.0.network_tier": "PREMIUM",
                            "network_interface.0.access_config.0.public_ptr_domain_name": "",
                            "network_interface.0.address": "",
                            "network_interface.0.alias_ip_range.#": "0",
                            "network_interface.0.name": "nic0",
                            "network_interface.0.network": "https://www.googleapis.com/compute/v1/projects/forseti-security-new/global/networks/default",
                            "network_interface.0.network_ip": "10.128.0.13",
                            "network_interface.0.subnetwork": "https://www.googleapis.com/compute/v1/projects/forseti-security-new/regions/us-central1/subnetworks/default",
                            "network_interface.0.subnetwork_project": "forseti-security-new",
                            "project": "forseti-security-new",
                            "scheduling.#": "1",
                            "scheduling.0.automatic_restart": "true",
                            "scheduling.0.on_host_maintenance": "MIGRATE",
                            "scheduling.0.preemptible": "false",
                            "scratch_disk.#": "0",
                            "self_link": "https://www.googleapis.com/compute/v1/projects/forseti-security-new/zones/us-central1-a/instances/ans-child-1",
                            "service_account.#": "0",
                            "tags.#": "2",
                            "tags.2542268873": "allow-ssh",
                            "tags.67696658": "allow-http",
                            "tags_fingerprint": "LfyOV3jN6cE=",
                            "zone": "us-central1-a"
                        },
                        "meta": {
                            "e2bfb730-ecaa-11e6-8f88-34363bc7c4c0": {
                                "create": 360000000000,
                                "delete": 360000000000,
                                "update": 360000000000
                            },
                            "schema_version": "6"
                        },
                        "tainted": false
                    },
                    "deposed": [],
                    "provider": "provider.google"
                },
                "google_compute_instance.ansible_child_2": {
                    "type": "google_compute_instance",
                    "depends_on": [],
                    "primary": {
                        "id": "ans-child-2",
                        "attributes": {
                            "attached_disk.#": "0",
                            "boot_disk.#": "1",
                            "boot_disk.0.auto_delete": "true",
                            "boot_disk.0.device_name": "persistent-disk-0",
                            "boot_disk.0.disk_encryption_key_raw": "",
                            "boot_disk.0.disk_encryption_key_sha256": "",
                            "boot_disk.0.initialize_params.#": "1",
                            "boot_disk.0.initialize_params.0.image": "https://www.googleapis.com/compute/v1/projects/debian-cloud/global/images/debian-9-stretch-v20190423",
                            "boot_disk.0.initialize_params.0.size": "10",
                            "boot_disk.0.initialize_params.0.type": "pd-standard",
                            "boot_disk.0.source": "https://www.googleapis.com/compute/v1/projects/forseti-security-new/zones/us-central1-a/disks/ans-child-2",
                            "can_ip_forward": "false",
                            "cpu_platform": "Intel Haswell",
                            "deletion_protection": "false",
                            "guest_accelerator.#": "0",
                            "hostname": "",
                            "id": "ans-child-2",
                            "instance_id": "9070519818040325067",
                            "label_fingerprint": "42WmSpB8rSM=",
                            "labels.%": "0",
                            "machine_type": "n1-standard-1",
                            "metadata.%": "0",
                            "metadata_fingerprint": "sG-HCjKVPJc=",
                            "metadata_startup_script": "",
                            "min_cpu_platform": "",
                            "name": "ans-child-2",
                            "network_interface.#": "1",
                            "network_interface.0.access_config.#": "1",
                            "network_interface.0.access_config.0.assigned_nat_ip": "",
                            "network_interface.0.access_config.0.nat_ip": "35.225.74.89",
                            "network_interface.0.access_config.0.network_tier": "PREMIUM",
                            "network_interface.0.access_config.0.public_ptr_domain_name": "",
                            "network_interface.0.address": "",
                            "network_interface.0.alias_ip_range.#": "0",
                            "network_interface.0.name": "nic0",
                            "network_interface.0.network": "https://www.googleapis.com/compute/v1/projects/forseti-security-new/global/networks/default",
                            "network_interface.0.network_ip": "10.128.0.12",
                            "network_interface.0.subnetwork": "https://www.googleapis.com/compute/v1/projects/forseti-security-new/regions/us-central1/subnetworks/default",
                            "network_interface.0.subnetwork_project": "forseti-security-new",
                            "project": "forseti-security-new",
                            "scheduling.#": "1",
                            "scheduling.0.automatic_restart": "true",
                            "scheduling.0.on_host_maintenance": "MIGRATE",
                            "scheduling.0.preemptible": "false",
                            "scratch_disk.#": "0",
                            "self_link": "https://www.googleapis.com/compute/v1/projects/forseti-security-new/zones/us-central1-a/instances/ans-child-2",
                            "service_account.#": "0",
                            "tags.#": "2",
                            "tags.2542268873": "allow-ssh",
                            "tags.67696658": "allow-http",
                            "tags_fingerprint": "LfyOV3jN6cE=",
                            "zone": "us-central1-a"
                        },
                        "meta": {
                            "e2bfb730-ecaa-11e6-8f88-34363bc7c4c0": {
                                "create": 360000000000,
                                "delete": 360000000000,
                                "update": 360000000000
                            },
                            "schema_version": "6"
                        },
                        "tainted": false
                    },
                    "deposed": [],
                    "provider": "provider.google"
                },
                "google_compute_project_metadata.default": {
                    "type": "google_compute_project_metadata",
                    "depends_on": [],
                    "primary": {
                        "id": "forseti-security-new",
                        "attributes": {
                            "id": "forseti-security-new",
                            "metadata.%": "1",
                            "metadata.sshKeys": "garrettwong:ssh-rsa AAAAB3NzaC1yc2EAAAADAQABAAABAQC3XrQL7k2c0ET652hmsvSJlhKh3jwK/yS4pWgN/+2pEWZ9BjRRzSLBHhZb4h4DkUG4ved8dtXRKqzkUCDaRfv0/deOdimKopDB+r4aMcXxNV6QkjDONtf9GfUTCJYcsk2rTUwMp9f1sH0E34aCMUyey55be1Mg9ZOS0s9OH03JKosIJfL3f+wZfTAxxQuCczk26mJSXHALtJMpuomDtYeOjJJ/rkx2GhWwnTM3D4ItNaycMr8VleMA6+JLZIcgBFOi2tGSJ+xDxn9qIbm98rbWCH3Y8KQeNEqK+kRiM8GYEcrllkYmUQ4giSijfPmsraoneKD3F9ihmxdKPc+saydd garrettwong\n",
                            "project": "forseti-security-new"
                        },
                        "meta": {},
                        "tainted": false
                    },
                    "deposed": [],
                    "provider": "provider.google"
                },
                "null_resource.config_ansible_hosts_file": {
                    "type": "null_resource",
                    "depends_on": [
                        "google_compute_instance.ansible_child_1",
                        "google_compute_instance.ansible_child_2"
                    ],
                    "primary": {
                        "id": "4332178561009538657",
                        "attributes": {
                            "id": "4332178561009538657"
                        },
                        "meta": {},
                        "tainted": false
                    },
                    "deposed": [],
                    "provider": "provider.null"
                }
            },
            "depends_on": []
        }
    ]
}
